
Microsoft Visual Studio Solution File, Format Version 12.00
# Visual Studio Version 17
VisualStudioVersion = 17.8.34511.84
MinimumVisualStudioVersion = 10.0.40219.1
Project("{FAE04EC0-301F-11D3-BF4B-00C04F79EFBC}") = "лаба 2.1", "лаба 2.1\лаба 2.1.csproj", "{49FDD7CE-E80D-472A-867B-959F89BD80F3}"
EndProject
Global
	GlobalSection(SolutionConfigurationPlatforms) = preSolution
		Debug|Any CPU = Debug|Any CPU
		Release|Any CPU = Release|Any CPU
	EndGlobalSection
	GlobalSection(ProjectConfigurationPlatforms) = postSolution
		{49FDD7CE-E80D-472A-867B-959F89BD80F3}.Debug|Any CPU.ActiveCfg = Debug|Any CPU
		{49FDD7CE-E80D-472A-867B-959F89BD80F3}.Debug|Any CPU.Build.0 = Debug|Any CPU
		{49FDD7CE-E80D-472A-867B-959F89BD80F3}.Release|Any CPU.ActiveCfg = Release|Any CPU
		{49FDD7CE-E80D-472A-867B-959F89BD80F3}.Release|Any CPU.Build.0 = Release|Any CPU
	EndGlobalSection
	GlobalSection(SolutionProperties) = preSolution
		HideSolutionNode = FALSE
	EndGlobalSection
	GlobalSection(ExtensibilityGlobals) = postSolution
		SolutionGuid = {B49E1720-2094-49D9-BB9E-65953BBEBE3A}
	EndGlobalSection
EndGlobal
